// !$*UTF8*$!
{
	archiveVersion = 1;
	classes = {
	};
	objectVersion = 46;
	objects = {

/* Begin PBXBuildFile section */
		262F98771319F108C18AD3C9 /* libPods-FriendWho.a in Frameworks */ = {isa = PBXBuildFile; fileRef = CB2C37190E4997D754530A2D /* libPods-FriendWho.a */; };
		725B0CFE8576C672B3B87F19 /* libPods-FriendWhoUITests.a in Frameworks */ = {isa = PBXBuildFile; fileRef = A2A083CCBF58B4C623328BD1 /* libPods-FriendWhoUITests.a */; };
		7D12CA701C84CD480021519B /* FWFacebookManager.m in Sources */ = {isa = PBXBuildFile; fileRef = 7D12CA6F1C84CD480021519B /* FWFacebookManager.m */; };
		7D12CA761C84CDB60021519B /* NSObject+Basics.m in Sources */ = {isa = PBXBuildFile; fileRef = 7D12CA751C84CDB60021519B /* NSObject+Basics.m */; };
		7D12CA791C84D15C0021519B /* AKDebugger.m in Sources */ = {isa = PBXBuildFile; fileRef = 7D12CA781C84D15C0021519B /* AKDebugger.m */; };
		7D12CA7D1C84D1770021519B /* AKDebuggerRules.m in Sources */ = {isa = PBXBuildFile; fileRef = 7D12CA7C1C84D1770021519B /* AKDebuggerRules.m */; };
		7D12CA811C84D27D0021519B /* AKGenerics.m in Sources */ = {isa = PBXBuildFile; fileRef = 7D12CA801C84D27D0021519B /* AKGenerics.m */; };
		7D12CA861C84E8710021519B /* FWViewController.m in Sources */ = {isa = PBXBuildFile; fileRef = 7D12CA851C84E8710021519B /* FWViewController.m */; };
		7D136AB71C84A69100279D15 /* main.m in Sources */ = {isa = PBXBuildFile; fileRef = 7D136AB61C84A69100279D15 /* main.m */; };
		7D136ABA1C84A69100279D15 /* AppDelegate.m in Sources */ = {isa = PBXBuildFile; fileRef = 7D136AB91C84A69100279D15 /* AppDelegate.m */; };
		7D136AC01C84A69100279D15 /* Main.storyboard in Resources */ = {isa = PBXBuildFile; fileRef = 7D136ABE1C84A69100279D15 /* Main.storyboard */; };
		7D136AC31C84A69100279D15 /* FriendWho.xcdatamodeld in Sources */ = {isa = PBXBuildFile; fileRef = 7D136AC11C84A69100279D15 /* FriendWho.xcdatamodeld */; };
		7D136AC51C84A69100279D15 /* Assets.xcassets in Resources */ = {isa = PBXBuildFile; fileRef = 7D136AC41C84A69100279D15 /* Assets.xcassets */; };
		7D136AC81C84A69100279D15 /* LaunchScreen.storyboard in Resources */ = {isa = PBXBuildFile; fileRef = 7D136AC61C84A69100279D15 /* LaunchScreen.storyboard */; };
		7D136AD31C84A69100279D15 /* FriendWhoTests.m in Sources */ = {isa = PBXBuildFile; fileRef = 7D136AD21C84A69100279D15 /* FriendWhoTests.m */; };
		7D136ADE1C84A69100279D15 /* FriendWhoUITests.m in Sources */ = {isa = PBXBuildFile; fileRef = 7D136ADD1C84A69100279D15 /* FriendWhoUITests.m */; };
		7D136AF01C84A89100279D15 /* FWPrivateInfo.m in Sources */ = {isa = PBXBuildFile; fileRef = 7D136AEF1C84A89100279D15 /* FWPrivateInfo.m */; };
		FED9F040F65274559D6F4F4D /* libPods-FriendWhoTests.a in Frameworks */ = {isa = PBXBuildFile; fileRef = D72BE3A48C3A981A7FCFCCEF /* libPods-FriendWhoTests.a */; };
/* End PBXBuildFile section */

/* Begin PBXContainerItemProxy section */
		7D136ACF1C84A69100279D15 /* PBXContainerItemProxy */ = {
			isa = PBXContainerItemProxy;
			containerPortal = 7D136AAA1C84A69100279D15 /* Project object */;
			proxyType = 1;
			remoteGlobalIDString = 7D136AB11C84A69100279D15;
			remoteInfo = FriendWho;
		};
		7D136ADA1C84A69100279D15 /* PBXContainerItemProxy */ = {
			isa = PBXContainerItemProxy;
			containerPortal = 7D136AAA1C84A69100279D15 /* Project object */;
			proxyType = 1;
			remoteGlobalIDString = 7D136AB11C84A69100279D15;
			remoteInfo = FriendWho;
		};
/* End PBXContainerItemProxy section */

/* Begin PBXFileReference section */
		336B51C60DF7DB81F9644AEF /* Pods-FriendWhoTests.debug.xcconfig */ = {isa = PBXFileReference; includeInIndex = 1; lastKnownFileType = text.xcconfig; name = "Pods-FriendWhoTests.debug.xcconfig"; path = "Pods/Target Support Files/Pods-FriendWhoTests/Pods-FriendWhoTests.debug.xcconfig"; sourceTree = "<group>"; };
		5A76E1C4EFCF1BD736668E1C /* Pods-FriendWho.release.xcconfig */ = {isa = PBXFileReference; includeInIndex = 1; lastKnownFileType = text.xcconfig; name = "Pods-FriendWho.release.xcconfig"; path = "Pods/Target Support Files/Pods-FriendWho/Pods-FriendWho.release.xcconfig"; sourceTree = "<group>"; };
		7D12CA6E1C84CD480021519B /* FWFacebookManager.h */ = {isa = PBXFileReference; fileEncoding = 4; lastKnownFileType = sourcecode.c.h; name = FWFacebookManager.h; path = FWFacebookManager/FWFacebookManager.h; sourceTree = "<group>"; };
		7D12CA6F1C84CD480021519B /* FWFacebookManager.m */ = {isa = PBXFileReference; fileEncoding = 4; lastKnownFileType = sourcecode.c.objc; name = FWFacebookManager.m; path = FWFacebookManager/FWFacebookManager.m; sourceTree = "<group>"; };
		7D12CA741C84CDB60021519B /* NSObject+Basics.h */ = {isa = PBXFileReference; fileEncoding = 4; lastKnownFileType = sourcecode.c.h; name = "NSObject+Basics.h"; path = "../../../../Documents/PROGRAMMING/iOS/1_PROJECTS/NSObject+Basics/NSObject+Basics.h"; sourceTree = "<group>"; };
		7D12CA751C84CDB60021519B /* NSObject+Basics.m */ = {isa = PBXFileReference; fileEncoding = 4; lastKnownFileType = sourcecode.c.objc; name = "NSObject+Basics.m"; path = "../../../../Documents/PROGRAMMING/iOS/1_PROJECTS/NSObject+Basics/NSObject+Basics.m"; sourceTree = "<group>"; };
		7D12CA771C84D15C0021519B /* AKDebugger.h */ = {isa = PBXFileReference; fileEncoding = 4; lastKnownFileType = sourcecode.c.h; name = AKDebugger.h; path = ../../../../Documents/PROGRAMMING/iOS/1_PROJECTS/AKDebugger/AKDebugger.h; sourceTree = "<group>"; };
		7D12CA781C84D15C0021519B /* AKDebugger.m */ = {isa = PBXFileReference; fileEncoding = 4; lastKnownFileType = sourcecode.c.objc; name = AKDebugger.m; path = ../../../../Documents/PROGRAMMING/iOS/1_PROJECTS/AKDebugger/AKDebugger.m; sourceTree = "<group>"; };
		7D12CA7B1C84D1770021519B /* AKDebuggerRules.h */ = {isa = PBXFileReference; fileEncoding = 4; lastKnownFileType = sourcecode.c.h; path = AKDebuggerRules.h; sourceTree = "<group>"; };
		7D12CA7C1C84D1770021519B /* AKDebuggerRules.m */ = {isa = PBXFileReference; fileEncoding = 4; lastKnownFileType = sourcecode.c.objc; path = AKDebuggerRules.m; sourceTree = "<group>"; };
		7D12CA7F1C84D27D0021519B /* AKGenerics.h */ = {isa = PBXFileReference; fileEncoding = 4; lastKnownFileType = sourcecode.c.h; name = AKGenerics.h; path = ../../../../Documents/PROGRAMMING/iOS/1_PROJECTS/AKGenerics/AKGenerics.h; sourceTree = "<group>"; };
		7D12CA801C84D27D0021519B /* AKGenerics.m */ = {isa = PBXFileReference; fileEncoding = 4; lastKnownFileType = sourcecode.c.objc; name = AKGenerics.m; path = ../../../../Documents/PROGRAMMING/iOS/1_PROJECTS/AKGenerics/AKGenerics.m; sourceTree = "<group>"; };
		7D12CA841C84E8710021519B /* FWViewController.h */ = {isa = PBXFileReference; fileEncoding = 4; lastKnownFileType = sourcecode.c.h; path = FWViewController.h; sourceTree = "<group>"; };
		7D12CA851C84E8710021519B /* FWViewController.m */ = {isa = PBXFileReference; fileEncoding = 4; lastKnownFileType = sourcecode.c.objc; path = FWViewController.m; sourceTree = "<group>"; };
		7D12CA8D1C89EE0D0021519B /* FWUserProtocols.h */ = {isa = PBXFileReference; fileEncoding = 4; lastKnownFileType = sourcecode.c.h; name = FWUserProtocols.h; path = Protocols/FWUserProtocols.h; sourceTree = "<group>"; };
		7D12CA8F1C89F41E0021519B /* FWPlaceProtocols.h */ = {isa = PBXFileReference; fileEncoding = 4; lastKnownFileType = sourcecode.c.h; name = FWPlaceProtocols.h; path = Protocols/FWPlaceProtocols.h; sourceTree = "<group>"; };
		7D12CA901C89F6930021519B /* FWDateProtocols.h */ = {isa = PBXFileReference; fileEncoding = 4; lastKnownFileType = sourcecode.c.h; name = FWDateProtocols.h; path = Protocols/FWDateProtocols.h; sourceTree = "<group>"; };
		7D12CA911C89FAF30021519B /* FWEnrollmentProtocols.h */ = {isa = PBXFileReference; fileEncoding = 4; lastKnownFileType = sourcecode.c.h; name = FWEnrollmentProtocols.h; path = Protocols/FWEnrollmentProtocols.h; sourceTree = "<group>"; };
		7D136AB21C84A69100279D15 /* FriendWho.app */ = {isa = PBXFileReference; explicitFileType = wrapper.application; includeInIndex = 0; path = FriendWho.app; sourceTree = BUILT_PRODUCTS_DIR; };
		7D136AB61C84A69100279D15 /* main.m */ = {isa = PBXFileReference; lastKnownFileType = sourcecode.c.objc; path = main.m; sourceTree = "<group>"; };
		7D136AB81C84A69100279D15 /* AppDelegate.h */ = {isa = PBXFileReference; lastKnownFileType = sourcecode.c.h; path = AppDelegate.h; sourceTree = "<group>"; };
		7D136AB91C84A69100279D15 /* AppDelegate.m */ = {isa = PBXFileReference; lastKnownFileType = sourcecode.c.objc; path = AppDelegate.m; sourceTree = "<group>"; };
		7D136ABF1C84A69100279D15 /* Base */ = {isa = PBXFileReference; lastKnownFileType = file.storyboard; name = Base; path = Base.lproj/Main.storyboard; sourceTree = "<group>"; };
		7D136AC21C84A69100279D15 /* FriendWho.xcdatamodel */ = {isa = PBXFileReference; lastKnownFileType = wrapper.xcdatamodel; path = FriendWho.xcdatamodel; sourceTree = "<group>"; };
		7D136AC41C84A69100279D15 /* Assets.xcassets */ = {isa = PBXFileReference; lastKnownFileType = folder.assetcatalog; path = Assets.xcassets; sourceTree = "<group>"; };
		7D136AC71C84A69100279D15 /* Base */ = {isa = PBXFileReference; lastKnownFileType = file.storyboard; name = Base; path = Base.lproj/LaunchScreen.storyboard; sourceTree = "<group>"; };
		7D136AC91C84A69100279D15 /* Info.plist */ = {isa = PBXFileReference; lastKnownFileType = text.plist.xml; path = Info.plist; sourceTree = "<group>"; };
		7D136ACE1C84A69100279D15 /* FriendWhoTests.xctest */ = {isa = PBXFileReference; explicitFileType = wrapper.cfbundle; includeInIndex = 0; path = FriendWhoTests.xctest; sourceTree = BUILT_PRODUCTS_DIR; };
		7D136AD21C84A69100279D15 /* FriendWhoTests.m */ = {isa = PBXFileReference; lastKnownFileType = sourcecode.c.objc; path = FriendWhoTests.m; sourceTree = "<group>"; };
		7D136AD41C84A69100279D15 /* Info.plist */ = {isa = PBXFileReference; lastKnownFileType = text.plist.xml; path = Info.plist; sourceTree = "<group>"; };
		7D136AD91C84A69100279D15 /* FriendWhoUITests.xctest */ = {isa = PBXFileReference; explicitFileType = wrapper.cfbundle; includeInIndex = 0; path = FriendWhoUITests.xctest; sourceTree = BUILT_PRODUCTS_DIR; };
		7D136ADD1C84A69100279D15 /* FriendWhoUITests.m */ = {isa = PBXFileReference; lastKnownFileType = sourcecode.c.objc; path = FriendWhoUITests.m; sourceTree = "<group>"; };
		7D136ADF1C84A69100279D15 /* Info.plist */ = {isa = PBXFileReference; lastKnownFileType = text.plist.xml; path = Info.plist; sourceTree = "<group>"; };
		7D136AEE1C84A89100279D15 /* FWPrivateInfo.h */ = {isa = PBXFileReference; fileEncoding = 4; lastKnownFileType = sourcecode.c.h; path = FWPrivateInfo.h; sourceTree = "<group>"; };
		7D136AEF1C84A89100279D15 /* FWPrivateInfo.m */ = {isa = PBXFileReference; fileEncoding = 4; lastKnownFileType = sourcecode.c.objc; path = FWPrivateInfo.m; sourceTree = "<group>"; };
		A2A083CCBF58B4C623328BD1 /* libPods-FriendWhoUITests.a */ = {isa = PBXFileReference; explicitFileType = archive.ar; includeInIndex = 0; path = "libPods-FriendWhoUITests.a"; sourceTree = BUILT_PRODUCTS_DIR; };
		AF4964CB9F46D55F6C38CB60 /* Pods-FriendWhoUITests.debug.xcconfig */ = {isa = PBXFileReference; includeInIndex = 1; lastKnownFileType = text.xcconfig; name = "Pods-FriendWhoUITests.debug.xcconfig"; path = "Pods/Target Support Files/Pods-FriendWhoUITests/Pods-FriendWhoUITests.debug.xcconfig"; sourceTree = "<group>"; };
		B563616AB94D0EA7FF9CAF97 /* Pods-FriendWho.debug.xcconfig */ = {isa = PBXFileReference; includeInIndex = 1; lastKnownFileType = text.xcconfig; name = "Pods-FriendWho.debug.xcconfig"; path = "Pods/Target Support Files/Pods-FriendWho/Pods-FriendWho.debug.xcconfig"; sourceTree = "<group>"; };
		C810D4297C4268D4474C1E8E /* Pods-FriendWhoTests.release.xcconfig */ = {isa = PBXFileReference; includeInIndex = 1; lastKnownFileType = text.xcconfig; name = "Pods-FriendWhoTests.release.xcconfig"; path = "Pods/Target Support Files/Pods-FriendWhoTests/Pods-FriendWhoTests.release.xcconfig"; sourceTree = "<group>"; };
		CB2C37190E4997D754530A2D /* libPods-FriendWho.a */ = {isa = PBXFileReference; explicitFileType = archive.ar; includeInIndex = 0; path = "libPods-FriendWho.a"; sourceTree = BUILT_PRODUCTS_DIR; };
		D72BE3A48C3A981A7FCFCCEF /* libPods-FriendWhoTests.a */ = {isa = PBXFileReference; explicitFileType = archive.ar; includeInIndex = 0; path = "libPods-FriendWhoTests.a"; sourceTree = BUILT_PRODUCTS_DIR; };
		F2DACDAE8EBB70C0012CFF9E /* Pods-FriendWhoUITests.release.xcconfig */ = {isa = PBXFileReference; includeInIndex = 1; lastKnownFileType = text.xcconfig; name = "Pods-FriendWhoUITests.release.xcconfig"; path = "Pods/Target Support Files/Pods-FriendWhoUITests/Pods-FriendWhoUITests.release.xcconfig"; sourceTree = "<group>"; };
/* End PBXFileReference section */

/* Begin PBXFrameworksBuildPhase section */
		7D136AAF1C84A69100279D15 /* Frameworks */ = {
			isa = PBXFrameworksBuildPhase;
			buildActionMask = 2147483647;
			files = (
				262F98771319F108C18AD3C9 /* libPods-FriendWho.a in Frameworks */,
			);
			runOnlyForDeploymentPostprocessing = 0;
		};
		7D136ACB1C84A69100279D15 /* Frameworks */ = {
			isa = PBXFrameworksBuildPhase;
			buildActionMask = 2147483647;
			files = (
				FED9F040F65274559D6F4F4D /* libPods-FriendWhoTests.a in Frameworks */,
			);
			runOnlyForDeploymentPostprocessing = 0;
		};
		7D136AD61C84A69100279D15 /* Frameworks */ = {
			isa = PBXFrameworksBuildPhase;
			buildActionMask = 2147483647;
			files = (
				725B0CFE8576C672B3B87F19 /* libPods-FriendWhoUITests.a in Frameworks */,
			);
			runOnlyForDeploymentPostprocessing = 0;
		};
/* End PBXFrameworksBuildPhase section */

/* Begin PBXGroup section */
		368C628DD71247868FDBC722 /* Pods */ = {
			isa = PBXGroup;
			children = (
				B563616AB94D0EA7FF9CAF97 /* Pods-FriendWho.debug.xcconfig */,
				5A76E1C4EFCF1BD736668E1C /* Pods-FriendWho.release.xcconfig */,
				336B51C60DF7DB81F9644AEF /* Pods-FriendWhoTests.debug.xcconfig */,
				C810D4297C4268D4474C1E8E /* Pods-FriendWhoTests.release.xcconfig */,
				AF4964CB9F46D55F6C38CB60 /* Pods-FriendWhoUITests.debug.xcconfig */,
				F2DACDAE8EBB70C0012CFF9E /* Pods-FriendWhoUITests.release.xcconfig */,
			);
			name = Pods;
			sourceTree = "<group>";
		};
		77709D340C073154EB7347F2 /* Frameworks */ = {
			isa = PBXGroup;
			children = (
				CB2C37190E4997D754530A2D /* libPods-FriendWho.a */,
				D72BE3A48C3A981A7FCFCCEF /* libPods-FriendWhoTests.a */,
				A2A083CCBF58B4C623328BD1 /* libPods-FriendWhoUITests.a */,
			);
			name = Frameworks;
			sourceTree = "<group>";
		};
		7D12CA711C84CD4D0021519B /* FWFacebookManager */ = {
			isa = PBXGroup;
			children = (
				7D12CA6E1C84CD480021519B /* FWFacebookManager.h */,
				7D12CA6F1C84CD480021519B /* FWFacebookManager.m */,
			);
			name = FWFacebookManager;
			sourceTree = "<group>";
		};
		7D12CA721C84CD900021519B /* IMPORTS */ = {
			isa = PBXGroup;
			children = (
				7D12CA7A1C84D1610021519B /* AKDebugger */,
				7D12CA821C84D2810021519B /* AKGenerics */,
				7D12CA731C84CD980021519B /* NSObject+Basics */,
			);
			name = IMPORTS;
			sourceTree = "<group>";
		};
		7D12CA731C84CD980021519B /* NSObject+Basics */ = {
			isa = PBXGroup;
			children = (
				7D12CA741C84CDB60021519B /* NSObject+Basics.h */,
				7D12CA751C84CDB60021519B /* NSObject+Basics.m */,
			);
			name = "NSObject+Basics";
			sourceTree = "<group>";
		};
		7D12CA7A1C84D1610021519B /* AKDebugger */ = {
			isa = PBXGroup;
			children = (
				7D12CA771C84D15C0021519B /* AKDebugger.h */,
				7D12CA781C84D15C0021519B /* AKDebugger.m */,
			);
			name = AKDebugger;
			sourceTree = "<group>";
		};
		7D12CA7E1C84D17C0021519B /* AKDebuggerRules */ = {
			isa = PBXGroup;
			children = (
				7D12CA7B1C84D1770021519B /* AKDebuggerRules.h */,
				7D12CA7C1C84D1770021519B /* AKDebuggerRules.m */,
			);
			name = AKDebuggerRules;
			sourceTree = "<group>";
		};
		7D12CA821C84D2810021519B /* AKGenerics */ = {
			isa = PBXGroup;
			children = (
				7D12CA7F1C84D27D0021519B /* AKGenerics.h */,
				7D12CA801C84D27D0021519B /* AKGenerics.m */,
			);
			name = AKGenerics;
			sourceTree = "<group>";
		};
		7D12CA831C84E83F0021519B /* View Controllers */ = {
			isa = PBXGroup;
			children = (
				7D12CA841C84E8710021519B /* FWViewController.h */,
				7D12CA851C84E8710021519B /* FWViewController.m */,
			);
			name = "View Controllers";
			sourceTree = "<group>";
		};
		7D12CA8C1C89EDD20021519B /* Protocols */ = {
			isa = PBXGroup;
			children = (
				7D12CA8D1C89EE0D0021519B /* FWUserProtocols.h */,
				7D12CA901C89F6930021519B /* FWDateProtocols.h */,
				7D12CA911C89FAF30021519B /* FWEnrollmentProtocols.h */,
				7D12CA8F1C89F41E0021519B /* FWPlaceProtocols.h */,
			);
			name = Protocols;
			sourceTree = "<group>";
		};
		7D136AA91C84A69100279D15 = {
			isa = PBXGroup;
			children = (
				7D136AB41C84A69100279D15 /* FriendWho */,
				7D136AD11C84A69100279D15 /* FriendWhoTests */,
				7D136ADC1C84A69100279D15 /* FriendWhoUITests */,
				7D136AB31C84A69100279D15 /* Products */,
				368C628DD71247868FDBC722 /* Pods */,
				77709D340C073154EB7347F2 /* Frameworks */,
			);
			sourceTree = "<group>";
		};
		7D136AB31C84A69100279D15 /* Products */ = {
			isa = PBXGroup;
			children = (
				7D136AB21C84A69100279D15 /* FriendWho.app */,
				7D136ACE1C84A69100279D15 /* FriendWhoTests.xctest */,
				7D136AD91C84A69100279D15 /* FriendWhoUITests.xctest */,
			);
			name = Products;
			sourceTree = "<group>";
		};
		7D136AB41C84A69100279D15 /* FriendWho */ = {
			isa = PBXGroup;
			children = (
				7D12CA721C84CD900021519B /* IMPORTS */,
				7D12CA7E1C84D17C0021519B /* AKDebuggerRules */,
				7D136AB81C84A69100279D15 /* AppDelegate.h */,
				7D136AB91C84A69100279D15 /* AppDelegate.m */,
				7D136AEE1C84A89100279D15 /* FWPrivateInfo.h */,
				7D136AEF1C84A89100279D15 /* FWPrivateInfo.m */,
				7D136AC41C84A69100279D15 /* Assets.xcassets */,
				7D136AEB1C84A7BC00279D15 /* Storyboards */,
				7D12CA831C84E83F0021519B /* View Controllers */,
				7D136AED1C84A7DA00279D15 /* Data Managers */,
				7D136AB51C84A69100279D15 /* Supporting Files */,
			);
			path = FriendWho;
			sourceTree = "<group>";
		};
		7D136AB51C84A69100279D15 /* Supporting Files */ = {
			isa = PBXGroup;
			children = (
				7D136AC91C84A69100279D15 /* Info.plist */,
				7D136AB61C84A69100279D15 /* main.m */,
			);
			path = "Supporting Files";
			sourceTree = "<group>";
		};
		7D136AD11C84A69100279D15 /* FriendWhoTests */ = {
			isa = PBXGroup;
			children = (
				7D136AD21C84A69100279D15 /* FriendWhoTests.m */,
				7D136AD41C84A69100279D15 /* Info.plist */,
			);
			path = FriendWhoTests;
			sourceTree = "<group>";
		};
		7D136ADC1C84A69100279D15 /* FriendWhoUITests */ = {
			isa = PBXGroup;
			children = (
				7D136ADD1C84A69100279D15 /* FriendWhoUITests.m */,
				7D136ADF1C84A69100279D15 /* Info.plist */,
			);
			path = FriendWhoUITests;
			sourceTree = "<group>";
		};
		7D136AEB1C84A7BC00279D15 /* Storyboards */ = {
			isa = PBXGroup;
			children = (
				7D136AC61C84A69100279D15 /* LaunchScreen.storyboard */,
				7D136ABE1C84A69100279D15 /* Main.storyboard */,
			);
			name = Storyboards;
			sourceTree = "<group>";
		};
		7D136AEC1C84A7CE00279D15 /* Core Data */ = {
			isa = PBXGroup;
			children = (
				7D136AC11C84A69100279D15 /* FriendWho.xcdatamodeld */,
			);
			path = "Core Data";
			sourceTree = "<group>";
		};
		7D136AED1C84A7DA00279D15 /* Data Managers */ = {
			isa = PBXGroup;
			children = (
				7D12CA8C1C89EDD20021519B /* Protocols */,
				7D136AEC1C84A7CE00279D15 /* Core Data */,
				7D12CA711C84CD4D0021519B /* FWFacebookManager */,
			);
			path = "Data Managers";
			sourceTree = "<group>";
		};
/* End PBXGroup section */

/* Begin PBXNativeTarget section */
		7D136AB11C84A69100279D15 /* FriendWho */ = {
			isa = PBXNativeTarget;
			buildConfigurationList = 7D136AE21C84A69100279D15 /* Build configuration list for PBXNativeTarget "FriendWho" */;
			buildPhases = (
				FCBD59FF857073EA33CCDC9F /* Check Pods Manifest.lock */,
				7D136AAE1C84A69100279D15 /* Sources */,
				7D136AAF1C84A69100279D15 /* Frameworks */,
				7D136AB01C84A69100279D15 /* Resources */,
				6B90C12C90791A939724132A /* Embed Pods Frameworks */,
				D66CAEB710A0B502D52BA39C /* Copy Pods Resources */,
			);
			buildRules = (
			);
			dependencies = (
			);
			name = FriendWho;
			productName = FriendWho;
			productReference = 7D136AB21C84A69100279D15 /* FriendWho.app */;
			productType = "com.apple.product-type.application";
		};
		7D136ACD1C84A69100279D15 /* FriendWhoTests */ = {
			isa = PBXNativeTarget;
			buildConfigurationList = 7D136AE51C84A69100279D15 /* Build configuration list for PBXNativeTarget "FriendWhoTests" */;
			buildPhases = (
				B85CAC19D234A542DEB38900 /* Check Pods Manifest.lock */,
				7D136ACA1C84A69100279D15 /* Sources */,
				7D136ACB1C84A69100279D15 /* Frameworks */,
				7D136ACC1C84A69100279D15 /* Resources */,
				31FAECE6C7472F1D05967E59 /* Embed Pods Frameworks */,
				AE0D8EC8E9B6BC495B2BCF91 /* Copy Pods Resources */,
			);
			buildRules = (
			);
			dependencies = (
				7D136AD01C84A69100279D15 /* PBXTargetDependency */,
			);
			name = FriendWhoTests;
			productName = FriendWhoTests;
			productReference = 7D136ACE1C84A69100279D15 /* FriendWhoTests.xctest */;
			productType = "com.apple.product-type.bundle.unit-test";
		};
		7D136AD81C84A69100279D15 /* FriendWhoUITests */ = {
			isa = PBXNativeTarget;
			buildConfigurationList = 7D136AE81C84A69100279D15 /* Build configuration list for PBXNativeTarget "FriendWhoUITests" */;
			buildPhases = (
				421F344D40F7E02C165C6B9F /* Check Pods Manifest.lock */,
				7D136AD51C84A69100279D15 /* Sources */,
				7D136AD61C84A69100279D15 /* Frameworks */,
				7D136AD71C84A69100279D15 /* Resources */,
				6F232D0335FC23E22DEF15CA /* Copy Pods Resources */,
			);
			buildRules = (
			);
			dependencies = (
				7D136ADB1C84A69100279D15 /* PBXTargetDependency */,
			);
			name = FriendWhoUITests;
			productName = FriendWhoUITests;
			productReference = 7D136AD91C84A69100279D15 /* FriendWhoUITests.xctest */;
			productType = "com.apple.product-type.bundle.ui-testing";
		};
/* End PBXNativeTarget section */

/* Begin PBXProject section */
		7D136AAA1C84A69100279D15 /* Project object */ = {
			isa = PBXProject;
			attributes = {
				LastUpgradeCheck = 0720;
				ORGANIZATIONNAME = "Flatiron School";
				TargetAttributes = {
					7D136AB11C84A69100279D15 = {
						CreatedOnToolsVersion = 7.2.1;
					};
					7D136ACD1C84A69100279D15 = {
						CreatedOnToolsVersion = 7.2.1;
						TestTargetID = 7D136AB11C84A69100279D15;
					};
					7D136AD81C84A69100279D15 = {
						CreatedOnToolsVersion = 7.2.1;
						TestTargetID = 7D136AB11C84A69100279D15;
					};
				};
			};
			buildConfigurationList = 7D136AAD1C84A69100279D15 /* Build configuration list for PBXProject "FriendWho" */;
			compatibilityVersion = "Xcode 3.2";
			developmentRegion = English;
			hasScannedForEncodings = 0;
			knownRegions = (
				en,
				Base,
			);
			mainGroup = 7D136AA91C84A69100279D15;
			productRefGroup = 7D136AB31C84A69100279D15 /* Products */;
			projectDirPath = "";
			projectRoot = "";
			targets = (
				7D136AB11C84A69100279D15 /* FriendWho */,
				7D136ACD1C84A69100279D15 /* FriendWhoTests */,
				7D136AD81C84A69100279D15 /* FriendWhoUITests */,
			);
		};
/* End PBXProject section */

/* Begin PBXResourcesBuildPhase section */
		7D136AB01C84A69100279D15 /* Resources */ = {
			isa = PBXResourcesBuildPhase;
			buildActionMask = 2147483647;
			files = (
				7D136AC81C84A69100279D15 /* LaunchScreen.storyboard in Resources */,
				7D136AC51C84A69100279D15 /* Assets.xcassets in Resources */,
				7D136AC01C84A69100279D15 /* Main.storyboard in Resources */,
			);
			runOnlyForDeploymentPostprocessing = 0;
		};
		7D136ACC1C84A69100279D15 /* Resources */ = {
			isa = PBXResourcesBuildPhase;
			buildActionMask = 2147483647;
			files = (
			);
			runOnlyForDeploymentPostprocessing = 0;
		};
		7D136AD71C84A69100279D15 /* Resources */ = {
			isa = PBXResourcesBuildPhase;
			buildActionMask = 2147483647;
			files = (
			);
			runOnlyForDeploymentPostprocessing = 0;
		};
/* End PBXResourcesBuildPhase section */

/* Begin PBXShellScriptBuildPhase section */
		31FAECE6C7472F1D05967E59 /* Embed Pods Frameworks */ = {
			isa = PBXShellScriptBuildPhase;
			buildActionMask = 2147483647;
			files = (
			);
			inputPaths = (
			);
			name = "Embed Pods Frameworks";
			outputPaths = (
			);
			runOnlyForDeploymentPostprocessing = 0;
			shellPath = /bin/sh;
			shellScript = "\"${SRCROOT}/Pods/Target Support Files/Pods-FriendWhoTests/Pods-FriendWhoTests-frameworks.sh\"\n";
			showEnvVarsInLog = 0;
		};
		421F344D40F7E02C165C6B9F /* Check Pods Manifest.lock */ = {
			isa = PBXShellScriptBuildPhase;
			buildActionMask = 2147483647;
			files = (
			);
			inputPaths = (
			);
			name = "Check Pods Manifest.lock";
			outputPaths = (
			);
			runOnlyForDeploymentPostprocessing = 0;
			shellPath = /bin/sh;
			shellScript = "diff \"${PODS_ROOT}/../Podfile.lock\" \"${PODS_ROOT}/Manifest.lock\" > /dev/null\nif [[ $? != 0 ]] ; then\n    cat << EOM\nerror: The sandbox is not in sync with the Podfile.lock. Run 'pod install' or update your CocoaPods installation.\nEOM\n    exit 1\nfi\n";
			showEnvVarsInLog = 0;
		};
		6B90C12C90791A939724132A /* Embed Pods Frameworks */ = {
			isa = PBXShellScriptBuildPhase;
			buildActionMask = 2147483647;
			files = (
			);
			inputPaths = (
			);
			name = "Embed Pods Frameworks";
			outputPaths = (
			);
			runOnlyForDeploymentPostprocessing = 0;
			shellPath = /bin/sh;
			shellScript = "\"${SRCROOT}/Pods/Target Support Files/Pods-FriendWho/Pods-FriendWho-frameworks.sh\"\n";
			showEnvVarsInLog = 0;
		};
		6F232D0335FC23E22DEF15CA /* Copy Pods Resources */ = {
			isa = PBXShellScriptBuildPhase;
			buildActionMask = 2147483647;
			files = (
			);
			inputPaths = (
			);
			name = "Copy Pods Resources";
			outputPaths = (
			);
			runOnlyForDeploymentPostprocessing = 0;
			shellPath = /bin/sh;
			shellScript = "\"${SRCROOT}/Pods/Target Support Files/Pods-FriendWhoUITests/Pods-FriendWhoUITests-resources.sh\"\n";
			showEnvVarsInLog = 0;
		};
		AE0D8EC8E9B6BC495B2BCF91 /* Copy Pods Resources */ = {
			isa = PBXShellScriptBuildPhase;
			buildActionMask = 2147483647;
			files = (
			);
			inputPaths = (
			);
			name = "Copy Pods Resources";
			outputPaths = (
			);
			runOnlyForDeploymentPostprocessing = 0;
			shellPath = /bin/sh;
			shellScript = "\"${SRCROOT}/Pods/Target Support Files/Pods-FriendWhoTests/Pods-FriendWhoTests-resources.sh\"\n";
			showEnvVarsInLog = 0;
		};
		B85CAC19D234A542DEB38900 /* Check Pods Manifest.lock */ = {
			isa = PBXShellScriptBuildPhase;
			buildActionMask = 2147483647;
			files = (
			);
			inputPaths = (
			);
			name = "Check Pods Manifest.lock";
			outputPaths = (
			);
			runOnlyForDeploymentPostprocessing = 0;
			shellPath = /bin/sh;
			shellScript = "diff \"${PODS_ROOT}/../Podfile.lock\" \"${PODS_ROOT}/Manifest.lock\" > /dev/null\nif [[ $? != 0 ]] ; then\n    cat << EOM\nerror: The sandbox is not in sync with the Podfile.lock. Run 'pod install' or update your CocoaPods installation.\nEOM\n    exit 1\nfi\n";
			showEnvVarsInLog = 0;
		};
		D66CAEB710A0B502D52BA39C /* Copy Pods Resources */ = {
			isa = PBXShellScriptBuildPhase;
			buildActionMask = 2147483647;
			files = (
			);
			inputPaths = (
			);
			name = "Copy Pods Resources";
			outputPaths = (
			);
			runOnlyForDeploymentPostprocessing = 0;
			shellPath = /bin/sh;
			shellScript = "\"${SRCROOT}/Pods/Target Support Files/Pods-FriendWho/Pods-FriendWho-resources.sh\"\n";
			showEnvVarsInLog = 0;
		};
		FCBD59FF857073EA33CCDC9F /* Check Pods Manifest.lock */ = {
			isa = PBXShellScriptBuildPhase;
			buildActionMask = 2147483647;
			files = (
			);
			inputPaths = (
			);
			name = "Check Pods Manifest.lock";
			outputPaths = (
			);
			runOnlyForDeploymentPostprocessing = 0;
			shellPath = /bin/sh;
			shellScript = "diff \"${PODS_ROOT}/../Podfile.lock\" \"${PODS_ROOT}/Manifest.lock\" > /dev/null\nif [[ $? != 0 ]] ; then\n    cat << EOM\nerror: The sandbox is not in sync with the Podfile.lock. Run 'pod install' or update your CocoaPods installation.\nEOM\n    exit 1\nfi\n";
			showEnvVarsInLog = 0;
		};
/* End PBXShellScriptBuildPhase section */

/* Begin PBXSourcesBuildPhase section */
		7D136AAE1C84A69100279D15 /* Sources */ = {
			isa = PBXSourcesBuildPhase;
			buildActionMask = 2147483647;
			files = (
				7D12CA7D1C84D1770021519B /* AKDebuggerRules.m in Sources */,
				7D136AC31C84A69100279D15 /* FriendWho.xcdatamodeld in Sources */,
				7D12CA811C84D27D0021519B /* AKGenerics.m in Sources */,
				7D136ABA1C84A69100279D15 /* AppDelegate.m in Sources */,
				7D136AF01C84A89100279D15 /* FWPrivateInfo.m in Sources */,
				7D12CA791C84D15C0021519B /* AKDebugger.m in Sources */,
				7D136AB71C84A69100279D15 /* main.m in Sources */,
				7D12CA761C84CDB60021519B /* NSObject+Basics.m in Sources */,
				7D12CA701C84CD480021519B /* FWFacebookManager.m in Sources */,
				7D12CA861C84E8710021519B /* FWViewController.m in Sources */,
			);
			runOnlyForDeploymentPostprocessing = 0;
		};
		7D136ACA1C84A69100279D15 /* Sources */ = {
			isa = PBXSourcesBuildPhase;
			buildActionMask = 2147483647;
			files = (
				7D136AD31C84A69100279D15 /* FriendWhoTests.m in Sources */,
			);
			runOnlyForDeploymentPostprocessing = 0;
		};
		7D136AD51C84A69100279D15 /* Sources */ = {
			isa = PBXSourcesBuildPhase;
			buildActionMask = 2147483647;
			files = (
				7D136ADE1C84A69100279D15 /* FriendWhoUITests.m in Sources */,
			);
			runOnlyForDeploymentPostprocessing = 0;
		};
/* End PBXSourcesBuildPhase section */

/* Begin PBXTargetDependency section */
		7D136AD01C84A69100279D15 /* PBXTargetDependency */ = {
			isa = PBXTargetDependency;
			target = 7D136AB11C84A69100279D15 /* FriendWho */;
			targetProxy = 7D136ACF1C84A69100279D15 /* PBXContainerItemProxy */;
		};
		7D136ADB1C84A69100279D15 /* PBXTargetDependency */ = {
			isa = PBXTargetDependency;
			target = 7D136AB11C84A69100279D15 /* FriendWho */;
			targetProxy = 7D136ADA1C84A69100279D15 /* PBXContainerItemProxy */;
		};
/* End PBXTargetDependency section */

/* Begin PBXVariantGroup section */
		7D136ABE1C84A69100279D15 /* Main.storyboard */ = {
			isa = PBXVariantGroup;
			children = (
				7D136ABF1C84A69100279D15 /* Base */,
			);
			name = Main.storyboard;
			sourceTree = "<group>";
		};
		7D136AC61C84A69100279D15 /* LaunchScreen.storyboard */ = {
			isa = PBXVariantGroup;
			children = (
				7D136AC71C84A69100279D15 /* Base */,
			);
			name = LaunchScreen.storyboard;
			sourceTree = "<group>";
		};
/* End PBXVariantGroup section */

/* Begin XCBuildConfiguration section */
		7D136AE01C84A69100279D15 /* Debug */ = {
			isa = XCBuildConfiguration;
			buildSettings = {
				ALWAYS_SEARCH_USER_PATHS = NO;
				CLANG_CXX_LANGUAGE_STANDARD = "gnu++0x";
				CLANG_CXX_LIBRARY = "libc++";
				CLANG_ENABLE_MODULES = YES;
				CLANG_ENABLE_OBJC_ARC = YES;
				CLANG_WARN_BOOL_CONVERSION = YES;
				CLANG_WARN_CONSTANT_CONVERSION = YES;
				CLANG_WARN_DIRECT_OBJC_ISA_USAGE = YES_ERROR;
				CLANG_WARN_EMPTY_BODY = YES;
				CLANG_WARN_ENUM_CONVERSION = YES;
				CLANG_WARN_INT_CONVERSION = YES;
				CLANG_WARN_OBJC_ROOT_CLASS = YES_ERROR;
				CLANG_WARN_UNREACHABLE_CODE = YES;
				CLANG_WARN__DUPLICATE_METHOD_MATCH = YES;
				"CODE_SIGN_IDENTITY[sdk=iphoneos*]" = "iPhone Developer";
				COPY_PHASE_STRIP = NO;
				DEBUG_INFORMATION_FORMAT = dwarf;
				ENABLE_STRICT_OBJC_MSGSEND = YES;
				ENABLE_TESTABILITY = YES;
				GCC_C_LANGUAGE_STANDARD = gnu99;
				GCC_DYNAMIC_NO_PIC = NO;
				GCC_NO_COMMON_BLOCKS = YES;
				GCC_OPTIMIZATION_LEVEL = 0;
				GCC_PREPROCESSOR_DEFINITIONS = (
					"DEBUG=1",
					"$(inherited)",
				);
				GCC_WARN_64_TO_32_BIT_CONVERSION = YES;
				GCC_WARN_ABOUT_RETURN_TYPE = YES_ERROR;
				GCC_WARN_UNDECLARED_SELECTOR = YES;
				GCC_WARN_UNINITIALIZED_AUTOS = YES_AGGRESSIVE;
				GCC_WARN_UNUSED_FUNCTION = YES;
				GCC_WARN_UNUSED_VARIABLE = YES;
				IPHONEOS_DEPLOYMENT_TARGET = 9.2;
				MTL_ENABLE_DEBUG_INFO = YES;
				ONLY_ACTIVE_ARCH = YES;
				SDKROOT = iphoneos;
			};
			name = Debug;
		};
		7D136AE11C84A69100279D15 /* Release */ = {
			isa = XCBuildConfiguration;
			buildSettings = {
				ALWAYS_SEARCH_USER_PATHS = NO;
				CLANG_CXX_LANGUAGE_STANDARD = "gnu++0x";
				CLANG_CXX_LIBRARY = "libc++";
				CLANG_ENABLE_MODULES = YES;
				CLANG_ENABLE_OBJC_ARC = YES;
				CLANG_WARN_BOOL_CONVERSION = YES;
				CLANG_WARN_CONSTANT_CONVERSION = YES;
				CLANG_WARN_DIRECT_OBJC_ISA_USAGE = YES_ERROR;
				CLANG_WARN_EMPTY_BODY = YES;
				CLANG_WARN_ENUM_CONVERSION = YES;
				CLANG_WARN_INT_CONVERSION = YES;
				CLANG_WARN_OBJC_ROOT_CLASS = YES_ERROR;
				CLANG_WARN_UNREACHABLE_CODE = YES;
				CLANG_WARN__DUPLICATE_METHOD_MATCH = YES;
				"CODE_SIGN_IDENTITY[sdk=iphoneos*]" = "iPhone Developer";
				COPY_PHASE_STRIP = NO;
				DEBUG_INFORMATION_FORMAT = "dwarf-with-dsym";
				ENABLE_NS_ASSERTIONS = NO;
				ENABLE_STRICT_OBJC_MSGSEND = YES;
				GCC_C_LANGUAGE_STANDARD = gnu99;
				GCC_NO_COMMON_BLOCKS = YES;
				GCC_WARN_64_TO_32_BIT_CONVERSION = YES;
				GCC_WARN_ABOUT_RETURN_TYPE = YES_ERROR;
				GCC_WARN_UNDECLARED_SELECTOR = YES;
				GCC_WARN_UNINITIALIZED_AUTOS = YES_AGGRESSIVE;
				GCC_WARN_UNUSED_FUNCTION = YES;
				GCC_WARN_UNUSED_VARIABLE = YES;
				IPHONEOS_DEPLOYMENT_TARGET = 9.2;
				MTL_ENABLE_DEBUG_INFO = NO;
				SDKROOT = iphoneos;
				VALIDATE_PRODUCT = YES;
			};
			name = Release;
		};
		7D136AE31C84A69100279D15 /* Debug */ = {
			isa = XCBuildConfiguration;
			baseConfigurationReference = B563616AB94D0EA7FF9CAF97 /* Pods-FriendWho.debug.xcconfig */;
			buildSettings = {
				ASSETCATALOG_COMPILER_APPICON_NAME = AppIcon;
				FRAMEWORK_SEARCH_PATHS = "";
				INFOPLIST_FILE = "$(SRCROOT)/FriendWho/Supporting Files/Info.plist";
				LD_RUNPATH_SEARCH_PATHS = "$(inherited) @executable_path/Frameworks";
				PRODUCT_BUNDLE_IDENTIFIER = "com.flatiron-school.learn.ios.FriendWho";
				PRODUCT_NAME = "$(TARGET_NAME)";
				USER_HEADER_SEARCH_PATHS = "$(BUILT_PRODUCTS_DIR)/**";
			};
			name = Debug;
		};
		7D136AE41C84A69100279D15 /* Release */ = {
			isa = XCBuildConfiguration;
			baseConfigurationReference = 5A76E1C4EFCF1BD736668E1C /* Pods-FriendWho.release.xcconfig */;
			buildSettings = {
				ASSETCATALOG_COMPILER_APPICON_NAME = AppIcon;
				FRAMEWORK_SEARCH_PATHS = "";
				INFOPLIST_FILE = "$(SRCROOT)/FriendWho/Supporting Files/Info.plist";
				LD_RUNPATH_SEARCH_PATHS = "$(inherited) @executable_path/Frameworks";
				PRODUCT_BUNDLE_IDENTIFIER = "com.flatiron-school.learn.ios.FriendWho";
				PRODUCT_NAME = "$(TARGET_NAME)";
				USER_HEADER_SEARCH_PATHS = "$(BUILT_PRODUCTS_DIR)/**";
			};
			name = Release;
		};
		7D136AE61C84A69100279D15 /* Debug */ = {
			isa = XCBuildConfiguration;
			baseConfigurationReference = 336B51C60DF7DB81F9644AEF /* Pods-FriendWhoTests.debug.xcconfig */;
			buildSettings = {
				BUNDLE_LOADER = "$(TEST_HOST)";
				INFOPLIST_FILE = FriendWhoTests/Info.plist;
				LD_RUNPATH_SEARCH_PATHS = "$(inherited) @executable_path/Frameworks @loader_path/Frameworks";
				PRODUCT_BUNDLE_IDENTIFIER = "com.flatiron-school.learn.ios.FriendWhoTests";
				PRODUCT_NAME = "$(TARGET_NAME)";
				TEST_HOST = "$(BUILT_PRODUCTS_DIR)/FriendWho.app/FriendWho";
			};
			name = Debug;
		};
		7D136AE71C84A69100279D15 /* Release */ = {
			isa = XCBuildConfiguration;
			baseConfigurationReference = C810D4297C4268D4474C1E8E /* Pods-FriendWhoTests.release.xcconfig */;
			buildSettings = {
				BUNDLE_LOADER = "$(TEST_HOST)";
				INFOPLIST_FILE = FriendWhoTests/Info.plist;
				LD_RUNPATH_SEARCH_PATHS = "$(inherited) @executable_path/Frameworks @loader_path/Frameworks";
				PRODUCT_BUNDLE_IDENTIFIER = "com.flatiron-school.learn.ios.FriendWhoTests";
				PRODUCT_NAME = "$(TARGET_NAME)";
				TEST_HOST = "$(BUILT_PRODUCTS_DIR)/FriendWho.app/FriendWho";
			};
			name = Release;
		};
		7D136AE91C84A69100279D15 /* Debug */ = {
			isa = XCBuildConfiguration;
			baseConfigurationReference = AF4964CB9F46D55F6C38CB60 /* Pods-FriendWhoUITests.debug.xcconfig */;
			buildSettings = {
				INFOPLIST_FILE = FriendWhoUITests/Info.plist;
				LD_RUNPATH_SEARCH_PATHS = "$(inherited) @executable_path/Frameworks @loader_path/Frameworks";
				PRODUCT_BUNDLE_IDENTIFIER = "com.flatiron-school.learn.ios.FriendWhoUITests";
				PRODUCT_NAME = "$(TARGET_NAME)";
				TEST_TARGET_NAME = FriendWho;
				USES_XCTRUNNER = YES;
			};
			name = Debug;
		};
		7D136AEA1C84A69100279D15 /* Release */ = {
			isa = XCBuildConfiguration;
			baseConfigurationReference = F2DACDAE8EBB70C0012CFF9E /* Pods-FriendWhoUITests.release.xcconfig */;
			buildSettings = {
				INFOPLIST_FILE = FriendWhoUITests/Info.plist;
				LD_RUNPATH_SEARCH_PATHS = "$(inherited) @executable_path/Frameworks @loader_path/Frameworks";
				PRODUCT_BUNDLE_IDENTIFIER = "com.flatiron-school.learn.ios.FriendWhoUITests";
				PRODUCT_NAME = "$(TARGET_NAME)";
				TEST_TARGET_NAME = FriendWho;
				USES_XCTRUNNER = YES;
			};
			name = Release;
		};
/* End XCBuildConfiguration section */

/* Begin XCConfigurationList section */
		7D136AAD1C84A69100279D15 /* Build configuration list for PBXProject "FriendWho" */ = {
			isa = XCConfigurationList;
			buildConfigurations = (
				7D136AE01C84A69100279D15 /* Debug */,
				7D136AE11C84A69100279D15 /* Release */,
			);
			defaultConfigurationIsVisible = 0;
			defaultConfigurationName = Release;
		};
		7D136AE21C84A69100279D15 /* Build configuration list for PBXNativeTarget "FriendWho" */ = {
			isa = XCConfigurationList;
			buildConfigurations = (
				7D136AE31C84A69100279D15 /* Debug */,
				7D136AE41C84A69100279D15 /* Release */,
			);
			defaultConfigurationIsVisible = 0;
			defaultConfigurationName = Release;
		};
		7D136AE51C84A69100279D15 /* Build configuration list for PBXNativeTarget "FriendWhoTests" */ = {
			isa = XCConfigurationList;
			buildConfigurations = (
				7D136AE61C84A69100279D15 /* Debug */,
				7D136AE71C84A69100279D15 /* Release */,
			);
			defaultConfigurationIsVisible = 0;
			defaultConfigurationName = Release;
		};
		7D136AE81C84A69100279D15 /* Build configuration list for PBXNativeTarget "FriendWhoUITests" */ = {
			isa = XCConfigurationList;
			buildConfigurations = (
				7D136AE91C84A69100279D15 /* Debug */,
				7D136AEA1C84A69100279D15 /* Release */,
			);
			defaultConfigurationIsVisible = 0;
			defaultConfigurationName = Release;
		};
/* End XCConfigurationList section */

/* Begin XCVersionGroup section */
		7D136AC11C84A69100279D15 /* FriendWho.xcdatamodeld */ = {
			isa = XCVersionGroup;
			children = (
				7D136AC21C84A69100279D15 /* FriendWho.xcdatamodel */,
			);
			currentVersion = 7D136AC21C84A69100279D15 /* FriendWho.xcdatamodel */;
			path = FriendWho.xcdatamodeld;
			sourceTree = "<group>";
			versionGroupType = wrapper.xcdatamodel;
		};
/* End XCVersionGroup section */
	};
	rootObject = 7D136AAA1C84A69100279D15 /* Project object */;
}
